
Microsoft Visual Studio Solution File, Format Version 12.00
# Visual Studio Version 17
VisualStudioVersion = 17.2.32519.379
MinimumVisualStudioVersion = 10.0.40219.1
Project("{9A19103F-16F7-4668-BE54-9A1E7A4F7556}") = "01_Todo_App_WebApi_Aspnet_Core", "01_Todo_App_WebApi_Aspnet_Core\01_Todo_App_WebApi_Aspnet_Core.csproj", "{225C6DD3-2BB3-472C-8526-4871C7D122D0}"
EndProject
Project("{9A19103F-16F7-4668-BE54-9A1E7A4F7556}") = "02_Mininum_WebApi_Aspnet_Core", "02_Mininum_WebApi_Aspnet_Core\02_Mininum_WebApi_Aspnet_Core.csproj", "{77B4A060-3DD5-4CEF-A3A2-2056C09175BC}"
EndProject
Project("{9A19103F-16F7-4668-BE54-9A1E7A4F7556}") = "03_WebApi_With_MongoDB", "03_WebApi_With_MongoDB\03_WebApi_With_MongoDB.csproj", "{73FBE955-2029-4A7B-BFC2-BC43BF6C3A73}"
EndProject
Project("{9A19103F-16F7-4668-BE54-9A1E7A4F7556}") = "04_Todo_App_WebApi_from_Js", "04_Todo_App_WebApi_from_Js\04_Todo_App_WebApi_from_Js.csproj", "{932F1907-234E-4BB3-8F42-8E2CC1AE82DF}"
EndProject
Project("{9A19103F-16F7-4668-BE54-9A1E7A4F7556}") = "05_SignalR_With_Javascript_Core", "05_SignalR_With_Javascript_Core\05_SignalR_With_Javascript_Core.csproj", "{7E29E273-0A6C-4470-A4BD-B2FD617D9E63}"
EndProject
Project("{FAE04EC0-301F-11D3-BF4B-00C04F79EFBC}") = "06_SignalR_With_TypeScript_Core", "06_SignalR_With_TypeScript_Core\06_SignalR_With_TypeScript_Core.csproj", "{1438D31C-D124-457A-B085-794839CDE947}"
EndProject
Global
	GlobalSection(SolutionConfigurationPlatforms) = preSolution
		Debug|Any CPU = Debug|Any CPU
		Release|Any CPU = Release|Any CPU
	EndGlobalSection
	GlobalSection(ProjectConfigurationPlatforms) = postSolution
		{225C6DD3-2BB3-472C-8526-4871C7D122D0}.Debug|Any CPU.ActiveCfg = Debug|Any CPU
		{225C6DD3-2BB3-472C-8526-4871C7D122D0}.Debug|Any CPU.Build.0 = Debug|Any CPU
		{225C6DD3-2BB3-472C-8526-4871C7D122D0}.Release|Any CPU.ActiveCfg = Release|Any CPU
		{225C6DD3-2BB3-472C-8526-4871C7D122D0}.Release|Any CPU.Build.0 = Release|Any CPU
		{77B4A060-3DD5-4CEF-A3A2-2056C09175BC}.Debug|Any CPU.ActiveCfg = Debug|Any CPU
		{77B4A060-3DD5-4CEF-A3A2-2056C09175BC}.Debug|Any CPU.Build.0 = Debug|Any CPU
		{77B4A060-3DD5-4CEF-A3A2-2056C09175BC}.Release|Any CPU.ActiveCfg = Release|Any CPU
		{77B4A060-3DD5-4CEF-A3A2-2056C09175BC}.Release|Any CPU.Build.0 = Release|Any CPU
		{73FBE955-2029-4A7B-BFC2-BC43BF6C3A73}.Debug|Any CPU.ActiveCfg = Debug|Any CPU
		{73FBE955-2029-4A7B-BFC2-BC43BF6C3A73}.Debug|Any CPU.Build.0 = Debug|Any CPU
		{73FBE955-2029-4A7B-BFC2-BC43BF6C3A73}.Release|Any CPU.ActiveCfg = Release|Any CPU
		{73FBE955-2029-4A7B-BFC2-BC43BF6C3A73}.Release|Any CPU.Build.0 = Release|Any CPU
		{932F1907-234E-4BB3-8F42-8E2CC1AE82DF}.Debug|Any CPU.ActiveCfg = Debug|Any CPU
		{932F1907-234E-4BB3-8F42-8E2CC1AE82DF}.Debug|Any CPU.Build.0 = Debug|Any CPU
		{932F1907-234E-4BB3-8F42-8E2CC1AE82DF}.Release|Any CPU.ActiveCfg = Release|Any CPU
		{932F1907-234E-4BB3-8F42-8E2CC1AE82DF}.Release|Any CPU.Build.0 = Release|Any CPU
		{7E29E273-0A6C-4470-A4BD-B2FD617D9E63}.Debug|Any CPU.ActiveCfg = Debug|Any CPU
		{7E29E273-0A6C-4470-A4BD-B2FD617D9E63}.Debug|Any CPU.Build.0 = Debug|Any CPU
		{7E29E273-0A6C-4470-A4BD-B2FD617D9E63}.Release|Any CPU.ActiveCfg = Release|Any CPU
		{7E29E273-0A6C-4470-A4BD-B2FD617D9E63}.Release|Any CPU.Build.0 = Release|Any CPU
		{1438D31C-D124-457A-B085-794839CDE947}.Debug|Any CPU.ActiveCfg = Debug|Any CPU
		{1438D31C-D124-457A-B085-794839CDE947}.Debug|Any CPU.Build.0 = Debug|Any CPU
		{1438D31C-D124-457A-B085-794839CDE947}.Release|Any CPU.ActiveCfg = Release|Any CPU
		{1438D31C-D124-457A-B085-794839CDE947}.Release|Any CPU.Build.0 = Release|Any CPU
	EndGlobalSection
	GlobalSection(SolutionProperties) = preSolution
		HideSolutionNode = FALSE
	EndGlobalSection
	GlobalSection(ExtensibilityGlobals) = postSolution
		SolutionGuid = {EDA3C251-B263-4F75-8542-E50949D689D6}
	EndGlobalSection
EndGlobal
