
Microsoft Visual Studio Solution File, Format Version 12.00
# Visual Studio Version 17
VisualStudioVersion = 17.2.32519.379
MinimumVisualStudioVersion = 10.0.40219.1
Project("{9A19103F-16F7-4668-BE54-9A1E7A4F7556}") = "01_Todo_App_WebApi_Aspnet_Core", "01_Todo_App_WebApi_Aspnet_Core\01_Todo_App_WebApi_Aspnet_Core.csproj", "{225C6DD3-2BB3-472C-8526-4871C7D122D0}"
EndProject
Project("{9A19103F-16F7-4668-BE54-9A1E7A4F7556}") = "02_Mininum_WebApi_Aspnet_Core", "02_Mininum_WebApi_Aspnet_Core\02_Mininum_WebApi_Aspnet_Core.csproj", "{77B4A060-3DD5-4CEF-A3A2-2056C09175BC}"
EndProject
Project("{9A19103F-16F7-4668-BE54-9A1E7A4F7556}") = "03_WebApi_With_MongoDB", "03_WebApi_With_MongoDB\03_WebApi_With_MongoDB.csproj", "{73FBE955-2029-4A7B-BFC2-BC43BF6C3A73}"
EndProject
Project("{9A19103F-16F7-4668-BE54-9A1E7A4F7556}") = "04_Todo_App_WebApi_from_Js", "04_Todo_App_WebApi_from_Js\04_Todo_App_WebApi_from_Js.csproj", "{932F1907-234E-4BB3-8F42-8E2CC1AE82DF}"
EndProject
Project("{9A19103F-16F7-4668-BE54-9A1E7A4F7556}") = "05_SignalR_With_Javascript_Core", "05_SignalR_With_Javascript_Core\05_SignalR_With_Javascript_Core.csproj", "{7E29E273-0A6C-4470-A4BD-B2FD617D9E63}"
EndProject
Project("{9A19103F-16F7-4668-BE54-9A1E7A4F7556}") = "06_SignalR_With_TypeScript_Core", "06_SignalR_With_TypeScript_Core\06_SignalR_With_TypeScript_Core.csproj", "{1438D31C-D124-457A-B085-794839CDE947}"
EndProject
Project("{9A19103F-16F7-4668-BE54-9A1E7A4F7556}") = "07_BlazorApp_SignalR_Core", "07_BlazorApp_SignalR_Core\07_BlazorApp_SignalR_Core.csproj", "{2B4993F3-4847-400E-AE5A-B3628A8E9EC1}"
EndProject
Project("{2150E333-8FDC-42A3-9474-1A3956D46DE8}") = "08_gRpc_AspNet_Core", "08_gRpc_AspNet_Core", "{B7E8219D-B9B4-4164-A87D-4C192EE2EBCF}"
	ProjectSection(SolutionItems) = preProject
		08_gRpc_AspNet_Core\Notes.txt = 08_gRpc_AspNet_Core\Notes.txt
	EndProjectSection
EndProject
Project("{9A19103F-16F7-4668-BE54-9A1E7A4F7556}") = "gRPC_Server", "08_gRpc_AspNet_Core\gRPC_Server\gRPC_Server.csproj", "{52E500BB-F979-4A6D-A264-86AE0410CC1E}"
EndProject
Project("{9A19103F-16F7-4668-BE54-9A1E7A4F7556}") = "gRPC_Client", "08_gRpc_AspNet_Core\gRPC_Client\gRPC_Client.csproj", "{61E42F44-963A-4B7E-A839-73372EE12B55}"
EndProject
Project("{9A19103F-16F7-4668-BE54-9A1E7A4F7556}") = "09_Razor_Page_EF_Core_P1", "09_Razor_Page_EF_Core_P1\09_Razor_Page_EF_Core_P1.csproj", "{C3D1B653-59C7-427B-BD42-202336A9853D}"
EndProject
Project("{9A19103F-16F7-4668-BE54-9A1E7A4F7556}") = "09_Razor_Page_EF_Core_P2", "09_Razor_Page_EF_Core_P2\09_Razor_Page_EF_Core_P2.csproj", "{3A8C5404-295B-4A5B-B279-09498E74CAF2}"
EndProject
Project("{9A19103F-16F7-4668-BE54-9A1E7A4F7556}") = "09_Razor_Page_EF_Core_P3", "09_Razor_Page_EF_Core_P3\09_Razor_Page_EF_Core_P3.csproj", "{6A823CA7-7BA3-476B-BF3C-591D80C4DBF4}"
EndProject
Project("{9A19103F-16F7-4668-BE54-9A1E7A4F7556}") = "09_Razor_Page_EF_Core_P4", "09_Razor_Page_EF_Core_P4\09_Razor_Page_EF_Core_P4.csproj", "{B287A0C4-4933-4284-9CD8-09BD60DE588D}"
EndProject
Project("{9A19103F-16F7-4668-BE54-9A1E7A4F7556}") = "09_Razor_Page_EF_Core_P5", "09_Razor_Page_EF_Core_P5\09_Razor_Page_EF_Core_P5.csproj", "{D8D13C4D-4FA6-47DB-95DD-41ECE6C56E38}"
EndProject
Project("{9A19103F-16F7-4668-BE54-9A1E7A4F7556}") = "09_Razor_Page_EF_Core_P6", "09_Razor_Page_EF_Core_P6\09_Razor_Page_EF_Core_P6.csproj", "{D560FE83-98EB-40D0-9836-7C430208A08C}"
EndProject
Project("{9A19103F-16F7-4668-BE54-9A1E7A4F7556}") = "09_Razor_Page_EF_Core_P7", "09_Razor_Page_EF_Core_P7\09_Razor_Page_EF_Core_P7.csproj", "{352D2A4E-A494-4357-980F-A0D62B339639}"
EndProject
Project("{9A19103F-16F7-4668-BE54-9A1E7A4F7556}") = "10_Mininum_WebApi_Xml_Output", "10_Mininum_WebApi_Xml_Output\10_Mininum_WebApi_Xml_Output.csproj", "{5848E4C3-34AA-4038-9B33-C6A5C5AC6899}"
EndProject
Project("{9A19103F-16F7-4668-BE54-9A1E7A4F7556}") = "11_fastest_collection_in_csharp", "fastest_collection_in_csharp\11_fastest_collection_in_csharp.csproj", "{C9C2077F-BAB8-4E6F-97D6-FC96F9BD9D14}"
EndProject
Project("{9A19103F-16F7-4668-BE54-9A1E7A4F7556}") = "16_Logging_With_Serilog", "16_Logging_With_Serilog\16_Logging_With_Serilog.csproj", "{39F642E2-2FE6-4F4F-A2C3-8E08056BD365}"
EndProject
Project("{9A19103F-16F7-4668-BE54-9A1E7A4F7556}") = "17_Tips_for_Efficient_Csharp_Code", "17_Tips_for_Efficient_Csharp_Code\17_Tips_for_Efficient_Csharp_Code.csproj", "{F2D1AEB1-AD30-4DDD-8F07-4C8369F9C93E}"
EndProject
Global
	GlobalSection(SolutionConfigurationPlatforms) = preSolution
		Debug|Any CPU = Debug|Any CPU
		Release|Any CPU = Release|Any CPU
	EndGlobalSection
	GlobalSection(ProjectConfigurationPlatforms) = postSolution
		{225C6DD3-2BB3-472C-8526-4871C7D122D0}.Debug|Any CPU.ActiveCfg = Debug|Any CPU
		{225C6DD3-2BB3-472C-8526-4871C7D122D0}.Debug|Any CPU.Build.0 = Debug|Any CPU
		{225C6DD3-2BB3-472C-8526-4871C7D122D0}.Release|Any CPU.ActiveCfg = Release|Any CPU
		{225C6DD3-2BB3-472C-8526-4871C7D122D0}.Release|Any CPU.Build.0 = Release|Any CPU
		{77B4A060-3DD5-4CEF-A3A2-2056C09175BC}.Debug|Any CPU.ActiveCfg = Debug|Any CPU
		{77B4A060-3DD5-4CEF-A3A2-2056C09175BC}.Debug|Any CPU.Build.0 = Debug|Any CPU
		{77B4A060-3DD5-4CEF-A3A2-2056C09175BC}.Release|Any CPU.ActiveCfg = Release|Any CPU
		{77B4A060-3DD5-4CEF-A3A2-2056C09175BC}.Release|Any CPU.Build.0 = Release|Any CPU
		{73FBE955-2029-4A7B-BFC2-BC43BF6C3A73}.Debug|Any CPU.ActiveCfg = Debug|Any CPU
		{73FBE955-2029-4A7B-BFC2-BC43BF6C3A73}.Debug|Any CPU.Build.0 = Debug|Any CPU
		{73FBE955-2029-4A7B-BFC2-BC43BF6C3A73}.Release|Any CPU.ActiveCfg = Release|Any CPU
		{73FBE955-2029-4A7B-BFC2-BC43BF6C3A73}.Release|Any CPU.Build.0 = Release|Any CPU
		{932F1907-234E-4BB3-8F42-8E2CC1AE82DF}.Debug|Any CPU.ActiveCfg = Debug|Any CPU
		{932F1907-234E-4BB3-8F42-8E2CC1AE82DF}.Debug|Any CPU.Build.0 = Debug|Any CPU
		{932F1907-234E-4BB3-8F42-8E2CC1AE82DF}.Release|Any CPU.ActiveCfg = Release|Any CPU
		{932F1907-234E-4BB3-8F42-8E2CC1AE82DF}.Release|Any CPU.Build.0 = Release|Any CPU
		{7E29E273-0A6C-4470-A4BD-B2FD617D9E63}.Debug|Any CPU.ActiveCfg = Debug|Any CPU
		{7E29E273-0A6C-4470-A4BD-B2FD617D9E63}.Debug|Any CPU.Build.0 = Debug|Any CPU
		{7E29E273-0A6C-4470-A4BD-B2FD617D9E63}.Release|Any CPU.ActiveCfg = Release|Any CPU
		{7E29E273-0A6C-4470-A4BD-B2FD617D9E63}.Release|Any CPU.Build.0 = Release|Any CPU
		{1438D31C-D124-457A-B085-794839CDE947}.Debug|Any CPU.ActiveCfg = Debug|Any CPU
		{1438D31C-D124-457A-B085-794839CDE947}.Debug|Any CPU.Build.0 = Debug|Any CPU
		{1438D31C-D124-457A-B085-794839CDE947}.Release|Any CPU.ActiveCfg = Release|Any CPU
		{1438D31C-D124-457A-B085-794839CDE947}.Release|Any CPU.Build.0 = Release|Any CPU
		{2B4993F3-4847-400E-AE5A-B3628A8E9EC1}.Debug|Any CPU.ActiveCfg = Debug|Any CPU
		{2B4993F3-4847-400E-AE5A-B3628A8E9EC1}.Debug|Any CPU.Build.0 = Debug|Any CPU
		{2B4993F3-4847-400E-AE5A-B3628A8E9EC1}.Release|Any CPU.ActiveCfg = Release|Any CPU
		{2B4993F3-4847-400E-AE5A-B3628A8E9EC1}.Release|Any CPU.Build.0 = Release|Any CPU
		{52E500BB-F979-4A6D-A264-86AE0410CC1E}.Debug|Any CPU.ActiveCfg = Debug|Any CPU
		{52E500BB-F979-4A6D-A264-86AE0410CC1E}.Debug|Any CPU.Build.0 = Debug|Any CPU
		{52E500BB-F979-4A6D-A264-86AE0410CC1E}.Release|Any CPU.ActiveCfg = Release|Any CPU
		{52E500BB-F979-4A6D-A264-86AE0410CC1E}.Release|Any CPU.Build.0 = Release|Any CPU
		{61E42F44-963A-4B7E-A839-73372EE12B55}.Debug|Any CPU.ActiveCfg = Debug|Any CPU
		{61E42F44-963A-4B7E-A839-73372EE12B55}.Debug|Any CPU.Build.0 = Debug|Any CPU
		{61E42F44-963A-4B7E-A839-73372EE12B55}.Release|Any CPU.ActiveCfg = Release|Any CPU
		{61E42F44-963A-4B7E-A839-73372EE12B55}.Release|Any CPU.Build.0 = Release|Any CPU
		{C3D1B653-59C7-427B-BD42-202336A9853D}.Debug|Any CPU.ActiveCfg = Debug|Any CPU
		{C3D1B653-59C7-427B-BD42-202336A9853D}.Debug|Any CPU.Build.0 = Debug|Any CPU
		{C3D1B653-59C7-427B-BD42-202336A9853D}.Release|Any CPU.ActiveCfg = Release|Any CPU
		{C3D1B653-59C7-427B-BD42-202336A9853D}.Release|Any CPU.Build.0 = Release|Any CPU
		{3A8C5404-295B-4A5B-B279-09498E74CAF2}.Debug|Any CPU.ActiveCfg = Debug|Any CPU
		{3A8C5404-295B-4A5B-B279-09498E74CAF2}.Debug|Any CPU.Build.0 = Debug|Any CPU
		{3A8C5404-295B-4A5B-B279-09498E74CAF2}.Release|Any CPU.ActiveCfg = Release|Any CPU
		{3A8C5404-295B-4A5B-B279-09498E74CAF2}.Release|Any CPU.Build.0 = Release|Any CPU
		{6A823CA7-7BA3-476B-BF3C-591D80C4DBF4}.Debug|Any CPU.ActiveCfg = Debug|Any CPU
		{6A823CA7-7BA3-476B-BF3C-591D80C4DBF4}.Debug|Any CPU.Build.0 = Debug|Any CPU
		{6A823CA7-7BA3-476B-BF3C-591D80C4DBF4}.Release|Any CPU.ActiveCfg = Release|Any CPU
		{6A823CA7-7BA3-476B-BF3C-591D80C4DBF4}.Release|Any CPU.Build.0 = Release|Any CPU
		{B287A0C4-4933-4284-9CD8-09BD60DE588D}.Debug|Any CPU.ActiveCfg = Debug|Any CPU
		{B287A0C4-4933-4284-9CD8-09BD60DE588D}.Debug|Any CPU.Build.0 = Debug|Any CPU
		{B287A0C4-4933-4284-9CD8-09BD60DE588D}.Release|Any CPU.ActiveCfg = Release|Any CPU
		{B287A0C4-4933-4284-9CD8-09BD60DE588D}.Release|Any CPU.Build.0 = Release|Any CPU
		{D8D13C4D-4FA6-47DB-95DD-41ECE6C56E38}.Debug|Any CPU.ActiveCfg = Debug|Any CPU
		{D8D13C4D-4FA6-47DB-95DD-41ECE6C56E38}.Debug|Any CPU.Build.0 = Debug|Any CPU
		{D8D13C4D-4FA6-47DB-95DD-41ECE6C56E38}.Release|Any CPU.ActiveCfg = Release|Any CPU
		{D8D13C4D-4FA6-47DB-95DD-41ECE6C56E38}.Release|Any CPU.Build.0 = Release|Any CPU
		{D560FE83-98EB-40D0-9836-7C430208A08C}.Debug|Any CPU.ActiveCfg = Debug|Any CPU
		{D560FE83-98EB-40D0-9836-7C430208A08C}.Debug|Any CPU.Build.0 = Debug|Any CPU
		{D560FE83-98EB-40D0-9836-7C430208A08C}.Release|Any CPU.ActiveCfg = Release|Any CPU
		{D560FE83-98EB-40D0-9836-7C430208A08C}.Release|Any CPU.Build.0 = Release|Any CPU
		{352D2A4E-A494-4357-980F-A0D62B339639}.Debug|Any CPU.ActiveCfg = Debug|Any CPU
		{352D2A4E-A494-4357-980F-A0D62B339639}.Debug|Any CPU.Build.0 = Debug|Any CPU
		{352D2A4E-A494-4357-980F-A0D62B339639}.Release|Any CPU.ActiveCfg = Release|Any CPU
		{352D2A4E-A494-4357-980F-A0D62B339639}.Release|Any CPU.Build.0 = Release|Any CPU
		{5848E4C3-34AA-4038-9B33-C6A5C5AC6899}.Debug|Any CPU.ActiveCfg = Debug|Any CPU
		{5848E4C3-34AA-4038-9B33-C6A5C5AC6899}.Debug|Any CPU.Build.0 = Debug|Any CPU
		{5848E4C3-34AA-4038-9B33-C6A5C5AC6899}.Release|Any CPU.ActiveCfg = Release|Any CPU
		{5848E4C3-34AA-4038-9B33-C6A5C5AC6899}.Release|Any CPU.Build.0 = Release|Any CPU
		{C9C2077F-BAB8-4E6F-97D6-FC96F9BD9D14}.Debug|Any CPU.ActiveCfg = Debug|Any CPU
		{C9C2077F-BAB8-4E6F-97D6-FC96F9BD9D14}.Debug|Any CPU.Build.0 = Debug|Any CPU
		{C9C2077F-BAB8-4E6F-97D6-FC96F9BD9D14}.Release|Any CPU.ActiveCfg = Release|Any CPU
		{C9C2077F-BAB8-4E6F-97D6-FC96F9BD9D14}.Release|Any CPU.Build.0 = Release|Any CPU
		{39F642E2-2FE6-4F4F-A2C3-8E08056BD365}.Debug|Any CPU.ActiveCfg = Debug|Any CPU
		{39F642E2-2FE6-4F4F-A2C3-8E08056BD365}.Debug|Any CPU.Build.0 = Debug|Any CPU
		{39F642E2-2FE6-4F4F-A2C3-8E08056BD365}.Release|Any CPU.ActiveCfg = Release|Any CPU
		{39F642E2-2FE6-4F4F-A2C3-8E08056BD365}.Release|Any CPU.Build.0 = Release|Any CPU
		{F2D1AEB1-AD30-4DDD-8F07-4C8369F9C93E}.Debug|Any CPU.ActiveCfg = Debug|Any CPU
		{F2D1AEB1-AD30-4DDD-8F07-4C8369F9C93E}.Debug|Any CPU.Build.0 = Debug|Any CPU
		{F2D1AEB1-AD30-4DDD-8F07-4C8369F9C93E}.Release|Any CPU.ActiveCfg = Release|Any CPU
		{F2D1AEB1-AD30-4DDD-8F07-4C8369F9C93E}.Release|Any CPU.Build.0 = Release|Any CPU
	EndGlobalSection
	GlobalSection(SolutionProperties) = preSolution
		HideSolutionNode = FALSE
	EndGlobalSection
	GlobalSection(NestedProjects) = preSolution
		{52E500BB-F979-4A6D-A264-86AE0410CC1E} = {B7E8219D-B9B4-4164-A87D-4C192EE2EBCF}
		{61E42F44-963A-4B7E-A839-73372EE12B55} = {B7E8219D-B9B4-4164-A87D-4C192EE2EBCF}
	EndGlobalSection
	GlobalSection(ExtensibilityGlobals) = postSolution
		SolutionGuid = {EDA3C251-B263-4F75-8542-E50949D689D6}
	EndGlobalSection
EndGlobal
